
Microsoft Visual Studio Solution File, Format Version 12.00
# Visual Studio Version 16
VisualStudioVersion = 16.0.30330.147
MinimumVisualStudioVersion = 10.0.40219.1
Project("{FAE04EC0-301F-11D3-BF4B-00C04F79EFBC}") = "Doppler.UWP", "Doppler\Doppler.UWP\Doppler.UWP.csproj", "{FDD6A80F-CC11-4059-A0E1-A3CD23837820}"
EndProject
Project("{FAE04EC0-301F-11D3-BF4B-00C04F79EFBC}") = "Doppler.Android", "Doppler\Doppler.Android\Doppler.Android.csproj", "{3C050D37-56FA-4B6A-A230-6CB329D890F5}"
EndProject
Project("{FAE04EC0-301F-11D3-BF4B-00C04F79EFBC}") = "Doppler.iOS", "Doppler\Doppler.iOS\Doppler.iOS.csproj", "{7C12E274-EDBA-483B-92C4-D22206C2D8F7}"
EndProject
Project("{FAE04EC0-301F-11D3-BF4B-00C04F79EFBC}") = "Doppler", "Doppler\Doppler\Doppler.csproj", "{167AC934-5F8A-4E66-9D0E-72715064096C}"
EndProject
Project("{FAE04EC0-301F-11D3-BF4B-00C04F79EFBC}") = "DopplerLib", "DopplerLib\DopplerLib.csproj", "{F9B9F795-DD58-4EB8-8DD9-D6C0A6780189}"
EndProject
Project("{FAE04EC0-301F-11D3-BF4B-00C04F79EFBC}") = "DopplerCLI", "DopplerCLI\DopplerCLI.csproj", "{3839D821-6F10-4F6E-9A6E-593EB8853F9B}"
EndProject
Project("{FAE04EC0-301F-11D3-BF4B-00C04F79EFBC}") = "DopplerAPI", "DopplerAPI\DopplerAPI.csproj", "{0EC3ADAD-40C4-428E-8314-2B72F720270A}"
EndProject
Global
	GlobalSection(SolutionConfigurationPlatforms) = preSolution
		Debug|Any CPU = Debug|Any CPU
		Debug|ARM = Debug|ARM
		Debug|iPhone = Debug|iPhone
		Debug|iPhoneSimulator = Debug|iPhoneSimulator
		Debug|x64 = Debug|x64
		Debug|x86 = Debug|x86
		Release|Any CPU = Release|Any CPU
		Release|ARM = Release|ARM
		Release|iPhone = Release|iPhone
		Release|iPhoneSimulator = Release|iPhoneSimulator
		Release|x64 = Release|x64
		Release|x86 = Release|x86
	EndGlobalSection
	GlobalSection(ProjectConfigurationPlatforms) = postSolution
		{FDD6A80F-CC11-4059-A0E1-A3CD23837820}.Debug|Any CPU.ActiveCfg = Debug|x86
		{FDD6A80F-CC11-4059-A0E1-A3CD23837820}.Debug|Any CPU.Build.0 = Debug|x86
		{FDD6A80F-CC11-4059-A0E1-A3CD23837820}.Debug|Any CPU.Deploy.0 = Debug|x86
		{FDD6A80F-CC11-4059-A0E1-A3CD23837820}.Debug|ARM.ActiveCfg = Debug|ARM
		{FDD6A80F-CC11-4059-A0E1-A3CD23837820}.Debug|ARM.Build.0 = Debug|ARM
		{FDD6A80F-CC11-4059-A0E1-A3CD23837820}.Debug|ARM.Deploy.0 = Debug|ARM
		{FDD6A80F-CC11-4059-A0E1-A3CD23837820}.Debug|iPhone.ActiveCfg = Debug|x86
		{FDD6A80F-CC11-4059-A0E1-A3CD23837820}.Debug|iPhone.Build.0 = Debug|x86
		{FDD6A80F-CC11-4059-A0E1-A3CD23837820}.Debug|iPhone.Deploy.0 = Debug|x86
		{FDD6A80F-CC11-4059-A0E1-A3CD23837820}.Debug|iPhoneSimulator.ActiveCfg = Debug|x86
		{FDD6A80F-CC11-4059-A0E1-A3CD23837820}.Debug|iPhoneSimulator.Build.0 = Debug|x86
		{FDD6A80F-CC11-4059-A0E1-A3CD23837820}.Debug|iPhoneSimulator.Deploy.0 = Debug|x86
		{FDD6A80F-CC11-4059-A0E1-A3CD23837820}.Debug|x64.ActiveCfg = Debug|x64
		{FDD6A80F-CC11-4059-A0E1-A3CD23837820}.Debug|x64.Build.0 = Debug|x64
		{FDD6A80F-CC11-4059-A0E1-A3CD23837820}.Debug|x64.Deploy.0 = Debug|x64
		{FDD6A80F-CC11-4059-A0E1-A3CD23837820}.Debug|x86.ActiveCfg = Debug|x86
		{FDD6A80F-CC11-4059-A0E1-A3CD23837820}.Debug|x86.Build.0 = Debug|x86
		{FDD6A80F-CC11-4059-A0E1-A3CD23837820}.Debug|x86.Deploy.0 = Debug|x86
		{FDD6A80F-CC11-4059-A0E1-A3CD23837820}.Release|Any CPU.ActiveCfg = Release|x86
		{FDD6A80F-CC11-4059-A0E1-A3CD23837820}.Release|Any CPU.Build.0 = Release|x86
		{FDD6A80F-CC11-4059-A0E1-A3CD23837820}.Release|Any CPU.Deploy.0 = Release|x86
		{FDD6A80F-CC11-4059-A0E1-A3CD23837820}.Release|ARM.ActiveCfg = Release|ARM
		{FDD6A80F-CC11-4059-A0E1-A3CD23837820}.Release|ARM.Build.0 = Release|ARM
		{FDD6A80F-CC11-4059-A0E1-A3CD23837820}.Release|ARM.Deploy.0 = Release|ARM
		{FDD6A80F-CC11-4059-A0E1-A3CD23837820}.Release|iPhone.ActiveCfg = Release|x86
		{FDD6A80F-CC11-4059-A0E1-A3CD23837820}.Release|iPhone.Build.0 = Release|x86
		{FDD6A80F-CC11-4059-A0E1-A3CD23837820}.Release|iPhone.Deploy.0 = Release|x86
		{FDD6A80F-CC11-4059-A0E1-A3CD23837820}.Release|iPhoneSimulator.ActiveCfg = Release|x86
		{FDD6A80F-CC11-4059-A0E1-A3CD23837820}.Release|iPhoneSimulator.Build.0 = Release|x86
		{FDD6A80F-CC11-4059-A0E1-A3CD23837820}.Release|iPhoneSimulator.Deploy.0 = Release|x86
		{FDD6A80F-CC11-4059-A0E1-A3CD23837820}.Release|x64.ActiveCfg = Release|x64
		{FDD6A80F-CC11-4059-A0E1-A3CD23837820}.Release|x64.Build.0 = Release|x64
		{FDD6A80F-CC11-4059-A0E1-A3CD23837820}.Release|x64.Deploy.0 = Release|x64
		{FDD6A80F-CC11-4059-A0E1-A3CD23837820}.Release|x86.ActiveCfg = Release|x86
		{FDD6A80F-CC11-4059-A0E1-A3CD23837820}.Release|x86.Build.0 = Release|x86
		{FDD6A80F-CC11-4059-A0E1-A3CD23837820}.Release|x86.Deploy.0 = Release|x86
		{3C050D37-56FA-4B6A-A230-6CB329D890F5}.Debug|Any CPU.ActiveCfg = Debug|Any CPU
		{3C050D37-56FA-4B6A-A230-6CB329D890F5}.Debug|Any CPU.Build.0 = Debug|Any CPU
		{3C050D37-56FA-4B6A-A230-6CB329D890F5}.Debug|Any CPU.Deploy.0 = Debug|Any CPU
		{3C050D37-56FA-4B6A-A230-6CB329D890F5}.Debug|ARM.ActiveCfg = Debug|Any CPU
		{3C050D37-56FA-4B6A-A230-6CB329D890F5}.Debug|ARM.Build.0 = Debug|Any CPU
		{3C050D37-56FA-4B6A-A230-6CB329D890F5}.Debug|ARM.Deploy.0 = Debug|Any CPU
		{3C050D37-56FA-4B6A-A230-6CB329D890F5}.Debug|iPhone.ActiveCfg = Debug|Any CPU
		{3C050D37-56FA-4B6A-A230-6CB329D890F5}.Debug|iPhone.Build.0 = Debug|Any CPU
		{3C050D37-56FA-4B6A-A230-6CB329D890F5}.Debug|iPhone.Deploy.0 = Debug|Any CPU
		{3C050D37-56FA-4B6A-A230-6CB329D890F5}.Debug|iPhoneSimulator.ActiveCfg = Debug|Any CPU
		{3C050D37-56FA-4B6A-A230-6CB329D890F5}.Debug|iPhoneSimulator.Build.0 = Debug|Any CPU
		{3C050D37-56FA-4B6A-A230-6CB329D890F5}.Debug|iPhoneSimulator.Deploy.0 = Debug|Any CPU
		{3C050D37-56FA-4B6A-A230-6CB329D890F5}.Debug|x64.ActiveCfg = Debug|Any CPU
		{3C050D37-56FA-4B6A-A230-6CB329D890F5}.Debug|x64.Build.0 = Debug|Any CPU
		{3C050D37-56FA-4B6A-A230-6CB329D890F5}.Debug|x64.Deploy.0 = Debug|Any CPU
		{3C050D37-56FA-4B6A-A230-6CB329D890F5}.Debug|x86.ActiveCfg = Debug|Any CPU
		{3C050D37-56FA-4B6A-A230-6CB329D890F5}.Debug|x86.Build.0 = Debug|Any CPU
		{3C050D37-56FA-4B6A-A230-6CB329D890F5}.Debug|x86.Deploy.0 = Debug|Any CPU
		{3C050D37-56FA-4B6A-A230-6CB329D890F5}.Release|Any CPU.ActiveCfg = Release|Any CPU
		{3C050D37-56FA-4B6A-A230-6CB329D890F5}.Release|Any CPU.Build.0 = Release|Any CPU
		{3C050D37-56FA-4B6A-A230-6CB329D890F5}.Release|Any CPU.Deploy.0 = Release|Any CPU
		{3C050D37-56FA-4B6A-A230-6CB329D890F5}.Release|ARM.ActiveCfg = Release|Any CPU
		{3C050D37-56FA-4B6A-A230-6CB329D890F5}.Release|ARM.Build.0 = Release|Any CPU
		{3C050D37-56FA-4B6A-A230-6CB329D890F5}.Release|ARM.Deploy.0 = Release|Any CPU
		{3C050D37-56FA-4B6A-A230-6CB329D890F5}.Release|iPhone.ActiveCfg = Release|Any CPU
		{3C050D37-56FA-4B6A-A230-6CB329D890F5}.Release|iPhone.Build.0 = Release|Any CPU
		{3C050D37-56FA-4B6A-A230-6CB329D890F5}.Release|iPhone.Deploy.0 = Release|Any CPU
		{3C050D37-56FA-4B6A-A230-6CB329D890F5}.Release|iPhoneSimulator.ActiveCfg = Release|Any CPU
		{3C050D37-56FA-4B6A-A230-6CB329D890F5}.Release|iPhoneSimulator.Build.0 = Release|Any CPU
		{3C050D37-56FA-4B6A-A230-6CB329D890F5}.Release|iPhoneSimulator.Deploy.0 = Release|Any CPU
		{3C050D37-56FA-4B6A-A230-6CB329D890F5}.Release|x64.ActiveCfg = Release|Any CPU
		{3C050D37-56FA-4B6A-A230-6CB329D890F5}.Release|x64.Build.0 = Release|Any CPU
		{3C050D37-56FA-4B6A-A230-6CB329D890F5}.Release|x64.Deploy.0 = Release|Any CPU
		{3C050D37-56FA-4B6A-A230-6CB329D890F5}.Release|x86.ActiveCfg = Release|Any CPU
		{3C050D37-56FA-4B6A-A230-6CB329D890F5}.Release|x86.Build.0 = Release|Any CPU
		{3C050D37-56FA-4B6A-A230-6CB329D890F5}.Release|x86.Deploy.0 = Release|Any CPU
		{7C12E274-EDBA-483B-92C4-D22206C2D8F7}.Debug|Any CPU.ActiveCfg = Debug|iPhone
		{7C12E274-EDBA-483B-92C4-D22206C2D8F7}.Debug|Any CPU.Build.0 = Debug|iPhone
		{7C12E274-EDBA-483B-92C4-D22206C2D8F7}.Debug|Any CPU.Deploy.0 = Debug|iPhone
		{7C12E274-EDBA-483B-92C4-D22206C2D8F7}.Debug|ARM.ActiveCfg = Debug|iPhone
		{7C12E274-EDBA-483B-92C4-D22206C2D8F7}.Debug|ARM.Build.0 = Debug|iPhone
		{7C12E274-EDBA-483B-92C4-D22206C2D8F7}.Debug|ARM.Deploy.0 = Debug|iPhone
		{7C12E274-EDBA-483B-92C4-D22206C2D8F7}.Debug|iPhone.ActiveCfg = Debug|iPhone
		{7C12E274-EDBA-483B-92C4-D22206C2D8F7}.Debug|iPhone.Build.0 = Debug|iPhone
		{7C12E274-EDBA-483B-92C4-D22206C2D8F7}.Debug|iPhone.Deploy.0 = Debug|iPhone
		{7C12E274-EDBA-483B-92C4-D22206C2D8F7}.Debug|iPhoneSimulator.ActiveCfg = Debug|iPhoneSimulator
		{7C12E274-EDBA-483B-92C4-D22206C2D8F7}.Debug|iPhoneSimulator.Build.0 = Debug|iPhoneSimulator
		{7C12E274-EDBA-483B-92C4-D22206C2D8F7}.Debug|iPhoneSimulator.Deploy.0 = Debug|iPhoneSimulator
		{7C12E274-EDBA-483B-92C4-D22206C2D8F7}.Debug|x64.ActiveCfg = Debug|iPhone
		{7C12E274-EDBA-483B-92C4-D22206C2D8F7}.Debug|x64.Build.0 = Debug|iPhone
		{7C12E274-EDBA-483B-92C4-D22206C2D8F7}.Debug|x64.Deploy.0 = Debug|iPhone
		{7C12E274-EDBA-483B-92C4-D22206C2D8F7}.Debug|x86.ActiveCfg = Debug|iPhone
		{7C12E274-EDBA-483B-92C4-D22206C2D8F7}.Debug|x86.Build.0 = Debug|iPhone
		{7C12E274-EDBA-483B-92C4-D22206C2D8F7}.Debug|x86.Deploy.0 = Debug|iPhone
		{7C12E274-EDBA-483B-92C4-D22206C2D8F7}.Release|Any CPU.ActiveCfg = Release|iPhone
		{7C12E274-EDBA-483B-92C4-D22206C2D8F7}.Release|Any CPU.Build.0 = Release|iPhone
		{7C12E274-EDBA-483B-92C4-D22206C2D8F7}.Release|Any CPU.Deploy.0 = Release|iPhone
		{7C12E274-EDBA-483B-92C4-D22206C2D8F7}.Release|ARM.ActiveCfg = Release|iPhone
		{7C12E274-EDBA-483B-92C4-D22206C2D8F7}.Release|ARM.Build.0 = Release|iPhone
		{7C12E274-EDBA-483B-92C4-D22206C2D8F7}.Release|ARM.Deploy.0 = Release|iPhone
		{7C12E274-EDBA-483B-92C4-D22206C2D8F7}.Release|iPhone.ActiveCfg = Release|iPhone
		{7C12E274-EDBA-483B-92C4-D22206C2D8F7}.Release|iPhone.Build.0 = Release|iPhone
		{7C12E274-EDBA-483B-92C4-D22206C2D8F7}.Release|iPhone.Deploy.0 = Release|iPhone
		{7C12E274-EDBA-483B-92C4-D22206C2D8F7}.Release|iPhoneSimulator.ActiveCfg = Release|iPhoneSimulator
		{7C12E274-EDBA-483B-92C4-D22206C2D8F7}.Release|iPhoneSimulator.Build.0 = Release|iPhoneSimulator
		{7C12E274-EDBA-483B-92C4-D22206C2D8F7}.Release|iPhoneSimulator.Deploy.0 = Release|iPhoneSimulator
		{7C12E274-EDBA-483B-92C4-D22206C2D8F7}.Release|x64.ActiveCfg = Release|iPhone
		{7C12E274-EDBA-483B-92C4-D22206C2D8F7}.Release|x64.Build.0 = Release|iPhone
		{7C12E274-EDBA-483B-92C4-D22206C2D8F7}.Release|x64.Deploy.0 = Release|iPhone
		{7C12E274-EDBA-483B-92C4-D22206C2D8F7}.Release|x86.ActiveCfg = Release|iPhone
		{7C12E274-EDBA-483B-92C4-D22206C2D8F7}.Release|x86.Build.0 = Release|iPhone
		{7C12E274-EDBA-483B-92C4-D22206C2D8F7}.Release|x86.Deploy.0 = Release|iPhone
		{167AC934-5F8A-4E66-9D0E-72715064096C}.Debug|Any CPU.ActiveCfg = Debug|Any CPU
		{167AC934-5F8A-4E66-9D0E-72715064096C}.Debug|Any CPU.Build.0 = Debug|Any CPU
		{167AC934-5F8A-4E66-9D0E-72715064096C}.Debug|Any CPU.Deploy.0 = Debug|Any CPU
		{167AC934-5F8A-4E66-9D0E-72715064096C}.Debug|ARM.ActiveCfg = Debug|Any CPU
		{167AC934-5F8A-4E66-9D0E-72715064096C}.Debug|ARM.Build.0 = Debug|Any CPU
		{167AC934-5F8A-4E66-9D0E-72715064096C}.Debug|ARM.Deploy.0 = Debug|Any CPU
		{167AC934-5F8A-4E66-9D0E-72715064096C}.Debug|iPhone.ActiveCfg = Debug|Any CPU
		{167AC934-5F8A-4E66-9D0E-72715064096C}.Debug|iPhone.Build.0 = Debug|Any CPU
		{167AC934-5F8A-4E66-9D0E-72715064096C}.Debug|iPhone.Deploy.0 = Debug|Any CPU
		{167AC934-5F8A-4E66-9D0E-72715064096C}.Debug|iPhoneSimulator.ActiveCfg = Debug|Any CPU
		{167AC934-5F8A-4E66-9D0E-72715064096C}.Debug|iPhoneSimulator.Build.0 = Debug|Any CPU
		{167AC934-5F8A-4E66-9D0E-72715064096C}.Debug|iPhoneSimulator.Deploy.0 = Debug|Any CPU
		{167AC934-5F8A-4E66-9D0E-72715064096C}.Debug|x64.ActiveCfg = Debug|Any CPU
		{167AC934-5F8A-4E66-9D0E-72715064096C}.Debug|x64.Build.0 = Debug|Any CPU
		{167AC934-5F8A-4E66-9D0E-72715064096C}.Debug|x64.Deploy.0 = Debug|Any CPU
		{167AC934-5F8A-4E66-9D0E-72715064096C}.Debug|x86.ActiveCfg = Debug|Any CPU
		{167AC934-5F8A-4E66-9D0E-72715064096C}.Debug|x86.Build.0 = Debug|Any CPU
		{167AC934-5F8A-4E66-9D0E-72715064096C}.Debug|x86.Deploy.0 = Debug|Any CPU
		{167AC934-5F8A-4E66-9D0E-72715064096C}.Release|Any CPU.ActiveCfg = Release|Any CPU
		{167AC934-5F8A-4E66-9D0E-72715064096C}.Release|Any CPU.Build.0 = Release|Any CPU
		{167AC934-5F8A-4E66-9D0E-72715064096C}.Release|Any CPU.Deploy.0 = Release|Any CPU
		{167AC934-5F8A-4E66-9D0E-72715064096C}.Release|ARM.ActiveCfg = Release|Any CPU
		{167AC934-5F8A-4E66-9D0E-72715064096C}.Release|ARM.Build.0 = Release|Any CPU
		{167AC934-5F8A-4E66-9D0E-72715064096C}.Release|ARM.Deploy.0 = Release|Any CPU
		{167AC934-5F8A-4E66-9D0E-72715064096C}.Release|iPhone.ActiveCfg = Release|Any CPU
		{167AC934-5F8A-4E66-9D0E-72715064096C}.Release|iPhone.Build.0 = Release|Any CPU
		{167AC934-5F8A-4E66-9D0E-72715064096C}.Release|iPhone.Deploy.0 = Release|Any CPU
		{167AC934-5F8A-4E66-9D0E-72715064096C}.Release|iPhoneSimulator.ActiveCfg = Release|Any CPU
		{167AC934-5F8A-4E66-9D0E-72715064096C}.Release|iPhoneSimulator.Build.0 = Release|Any CPU
		{167AC934-5F8A-4E66-9D0E-72715064096C}.Release|iPhoneSimulator.Deploy.0 = Release|Any CPU
		{167AC934-5F8A-4E66-9D0E-72715064096C}.Release|x64.ActiveCfg = Release|Any CPU
		{167AC934-5F8A-4E66-9D0E-72715064096C}.Release|x64.Build.0 = Release|Any CPU
		{167AC934-5F8A-4E66-9D0E-72715064096C}.Release|x64.Deploy.0 = Release|Any CPU
		{167AC934-5F8A-4E66-9D0E-72715064096C}.Release|x86.ActiveCfg = Release|Any CPU
		{167AC934-5F8A-4E66-9D0E-72715064096C}.Release|x86.Build.0 = Release|Any CPU
		{167AC934-5F8A-4E66-9D0E-72715064096C}.Release|x86.Deploy.0 = Release|Any CPU
		{F9B9F795-DD58-4EB8-8DD9-D6C0A6780189}.Debug|Any CPU.ActiveCfg = Debug|Any CPU
		{F9B9F795-DD58-4EB8-8DD9-D6C0A6780189}.Debug|Any CPU.Build.0 = Debug|Any CPU
		{F9B9F795-DD58-4EB8-8DD9-D6C0A6780189}.Debug|ARM.ActiveCfg = Debug|Any CPU
		{F9B9F795-DD58-4EB8-8DD9-D6C0A6780189}.Debug|ARM.Build.0 = Debug|Any CPU
		{F9B9F795-DD58-4EB8-8DD9-D6C0A6780189}.Debug|iPhone.ActiveCfg = Debug|Any CPU
		{F9B9F795-DD58-4EB8-8DD9-D6C0A6780189}.Debug|iPhone.Build.0 = Debug|Any CPU
		{F9B9F795-DD58-4EB8-8DD9-D6C0A6780189}.Debug|iPhoneSimulator.ActiveCfg = Debug|Any CPU
		{F9B9F795-DD58-4EB8-8DD9-D6C0A6780189}.Debug|iPhoneSimulator.Build.0 = Debug|Any CPU
		{F9B9F795-DD58-4EB8-8DD9-D6C0A6780189}.Debug|x64.ActiveCfg = Debug|Any CPU
		{F9B9F795-DD58-4EB8-8DD9-D6C0A6780189}.Debug|x64.Build.0 = Debug|Any CPU
		{F9B9F795-DD58-4EB8-8DD9-D6C0A6780189}.Debug|x86.ActiveCfg = Debug|Any CPU
		{F9B9F795-DD58-4EB8-8DD9-D6C0A6780189}.Debug|x86.Build.0 = Debug|Any CPU
		{F9B9F795-DD58-4EB8-8DD9-D6C0A6780189}.Release|Any CPU.ActiveCfg = Release|Any CPU
		{F9B9F795-DD58-4EB8-8DD9-D6C0A6780189}.Release|Any CPU.Build.0 = Release|Any CPU
		{F9B9F795-DD58-4EB8-8DD9-D6C0A6780189}.Release|ARM.ActiveCfg = Release|Any CPU
		{F9B9F795-DD58-4EB8-8DD9-D6C0A6780189}.Release|ARM.Build.0 = Release|Any CPU
		{F9B9F795-DD58-4EB8-8DD9-D6C0A6780189}.Release|iPhone.ActiveCfg = Release|Any CPU
		{F9B9F795-DD58-4EB8-8DD9-D6C0A6780189}.Release|iPhone.Build.0 = Release|Any CPU
		{F9B9F795-DD58-4EB8-8DD9-D6C0A6780189}.Release|iPhoneSimulator.ActiveCfg = Release|Any CPU
		{F9B9F795-DD58-4EB8-8DD9-D6C0A6780189}.Release|iPhoneSimulator.Build.0 = Release|Any CPU
		{F9B9F795-DD58-4EB8-8DD9-D6C0A6780189}.Release|x64.ActiveCfg = Release|Any CPU
		{F9B9F795-DD58-4EB8-8DD9-D6C0A6780189}.Release|x64.Build.0 = Release|Any CPU
		{F9B9F795-DD58-4EB8-8DD9-D6C0A6780189}.Release|x86.ActiveCfg = Release|Any CPU
		{F9B9F795-DD58-4EB8-8DD9-D6C0A6780189}.Release|x86.Build.0 = Release|Any CPU
		{3839D821-6F10-4F6E-9A6E-593EB8853F9B}.Debug|Any CPU.ActiveCfg = Debug|Any CPU
		{3839D821-6F10-4F6E-9A6E-593EB8853F9B}.Debug|Any CPU.Build.0 = Debug|Any CPU
		{3839D821-6F10-4F6E-9A6E-593EB8853F9B}.Debug|ARM.ActiveCfg = Debug|Any CPU
		{3839D821-6F10-4F6E-9A6E-593EB8853F9B}.Debug|ARM.Build.0 = Debug|Any CPU
		{3839D821-6F10-4F6E-9A6E-593EB8853F9B}.Debug|iPhone.ActiveCfg = Debug|Any CPU
		{3839D821-6F10-4F6E-9A6E-593EB8853F9B}.Debug|iPhone.Build.0 = Debug|Any CPU
		{3839D821-6F10-4F6E-9A6E-593EB8853F9B}.Debug|iPhoneSimulator.ActiveCfg = Debug|Any CPU
		{3839D821-6F10-4F6E-9A6E-593EB8853F9B}.Debug|iPhoneSimulator.Build.0 = Debug|Any CPU
		{3839D821-6F10-4F6E-9A6E-593EB8853F9B}.Debug|x64.ActiveCfg = Debug|Any CPU
		{3839D821-6F10-4F6E-9A6E-593EB8853F9B}.Debug|x64.Build.0 = Debug|Any CPU
		{3839D821-6F10-4F6E-9A6E-593EB8853F9B}.Debug|x86.ActiveCfg = Debug|Any CPU
		{3839D821-6F10-4F6E-9A6E-593EB8853F9B}.Debug|x86.Build.0 = Debug|Any CPU
		{3839D821-6F10-4F6E-9A6E-593EB8853F9B}.Release|Any CPU.ActiveCfg = Release|Any CPU
		{3839D821-6F10-4F6E-9A6E-593EB8853F9B}.Release|Any CPU.Build.0 = Release|Any CPU
		{3839D821-6F10-4F6E-9A6E-593EB8853F9B}.Release|ARM.ActiveCfg = Release|Any CPU
		{3839D821-6F10-4F6E-9A6E-593EB8853F9B}.Release|ARM.Build.0 = Release|Any CPU
		{3839D821-6F10-4F6E-9A6E-593EB8853F9B}.Release|iPhone.ActiveCfg = Release|Any CPU
		{3839D821-6F10-4F6E-9A6E-593EB8853F9B}.Release|iPhone.Build.0 = Release|Any CPU
		{3839D821-6F10-4F6E-9A6E-593EB8853F9B}.Release|iPhoneSimulator.ActiveCfg = Release|Any CPU
		{3839D821-6F10-4F6E-9A6E-593EB8853F9B}.Release|iPhoneSimulator.Build.0 = Release|Any CPU
		{3839D821-6F10-4F6E-9A6E-593EB8853F9B}.Release|x64.ActiveCfg = Release|Any CPU
		{3839D821-6F10-4F6E-9A6E-593EB8853F9B}.Release|x64.Build.0 = Release|Any CPU
		{3839D821-6F10-4F6E-9A6E-593EB8853F9B}.Release|x86.ActiveCfg = Release|Any CPU
		{3839D821-6F10-4F6E-9A6E-593EB8853F9B}.Release|x86.Build.0 = Release|Any CPU
		{0EC3ADAD-40C4-428E-8314-2B72F720270A}.Debug|Any CPU.ActiveCfg = Debug|Any CPU
		{0EC3ADAD-40C4-428E-8314-2B72F720270A}.Debug|Any CPU.Build.0 = Debug|Any CPU
		{0EC3ADAD-40C4-428E-8314-2B72F720270A}.Debug|ARM.ActiveCfg = Debug|Any CPU
		{0EC3ADAD-40C4-428E-8314-2B72F720270A}.Debug|ARM.Build.0 = Debug|Any CPU
		{0EC3ADAD-40C4-428E-8314-2B72F720270A}.Debug|iPhone.ActiveCfg = Debug|Any CPU
		{0EC3ADAD-40C4-428E-8314-2B72F720270A}.Debug|iPhone.Build.0 = Debug|Any CPU
		{0EC3ADAD-40C4-428E-8314-2B72F720270A}.Debug|iPhoneSimulator.ActiveCfg = Debug|Any CPU
		{0EC3ADAD-40C4-428E-8314-2B72F720270A}.Debug|iPhoneSimulator.Build.0 = Debug|Any CPU
		{0EC3ADAD-40C4-428E-8314-2B72F720270A}.Debug|x64.ActiveCfg = Debug|Any CPU
		{0EC3ADAD-40C4-428E-8314-2B72F720270A}.Debug|x64.Build.0 = Debug|Any CPU
		{0EC3ADAD-40C4-428E-8314-2B72F720270A}.Debug|x86.ActiveCfg = Debug|Any CPU
		{0EC3ADAD-40C4-428E-8314-2B72F720270A}.Debug|x86.Build.0 = Debug|Any CPU
		{0EC3ADAD-40C4-428E-8314-2B72F720270A}.Release|Any CPU.ActiveCfg = Release|Any CPU
		{0EC3ADAD-40C4-428E-8314-2B72F720270A}.Release|Any CPU.Build.0 = Release|Any CPU
		{0EC3ADAD-40C4-428E-8314-2B72F720270A}.Release|ARM.ActiveCfg = Release|Any CPU
		{0EC3ADAD-40C4-428E-8314-2B72F720270A}.Release|ARM.Build.0 = Release|Any CPU
		{0EC3ADAD-40C4-428E-8314-2B72F720270A}.Release|iPhone.ActiveCfg = Release|Any CPU
		{0EC3ADAD-40C4-428E-8314-2B72F720270A}.Release|iPhone.Build.0 = Release|Any CPU
		{0EC3ADAD-40C4-428E-8314-2B72F720270A}.Release|iPhoneSimulator.ActiveCfg = Release|Any CPU
		{0EC3ADAD-40C4-428E-8314-2B72F720270A}.Release|iPhoneSimulator.Build.0 = Release|Any CPU
		{0EC3ADAD-40C4-428E-8314-2B72F720270A}.Release|x64.ActiveCfg = Release|Any CPU
		{0EC3ADAD-40C4-428E-8314-2B72F720270A}.Release|x64.Build.0 = Release|Any CPU
		{0EC3ADAD-40C4-428E-8314-2B72F720270A}.Release|x86.ActiveCfg = Release|Any CPU
		{0EC3ADAD-40C4-428E-8314-2B72F720270A}.Release|x86.Build.0 = Release|Any CPU
	EndGlobalSection
	GlobalSection(SolutionProperties) = preSolution
		HideSolutionNode = FALSE
	EndGlobalSection
	GlobalSection(ExtensibilityGlobals) = postSolution
		SolutionGuid = {6C7FEB1E-403A-4898-BEE8-2A8CA1E787D2}
	EndGlobalSection
EndGlobal
